// !$*UTF8*$!
{
	archiveVersion = 1;
	classes = {
	};
	objectVersion = 56;
	objects = {

/* Begin PBXBuildFile section */
		FA3FBB2E2B5B036F0043D1AF /* Mustard Smile.ttf in Resources */ = {isa = PBXBuildFile; fileRef = FA3FBB2D2B5B036F0043D1AF /* Mustard Smile.ttf */; };
		FA3FBB322B5B41150043D1AF /* GameOverScen.swift in Sources */ = {isa = PBXBuildFile; fileRef = FA3FBB312B5B41150043D1AF /* GameOverScen.swift */; };
		FA5FA9752B580E1F0035A3C5 /* AppDelegate.swift in Sources */ = {isa = PBXBuildFile; fileRef = FA5FA9742B580E1F0035A3C5 /* AppDelegate.swift */; };
		FA5FA9772B580E1F0035A3C5 /* GameScene.sks in Resources */ = {isa = PBXBuildFile; fileRef = FA5FA9762B580E1F0035A3C5 /* GameScene.sks */; };
		FA5FA9792B580E1F0035A3C5 /* Actions.sks in Resources */ = {isa = PBXBuildFile; fileRef = FA5FA9782B580E1F0035A3C5 /* Actions.sks */; };
		FA5FA97B2B580E1F0035A3C5 /* GameScene.swift in Sources */ = {isa = PBXBuildFile; fileRef = FA5FA97A2B580E1F0035A3C5 /* GameScene.swift */; };
		FA5FA97D2B580E1F0035A3C5 /* GameViewController.swift in Sources */ = {isa = PBXBuildFile; fileRef = FA5FA97C2B580E1F0035A3C5 /* GameViewController.swift */; };
		FA5FA9802B580E1F0035A3C5 /* Main.storyboard in Resources */ = {isa = PBXBuildFile; fileRef = FA5FA97E2B580E1F0035A3C5 /* Main.storyboard */; };
		FA5FA9822B580E220035A3C5 /* Assets.xcassets in Resources */ = {isa = PBXBuildFile; fileRef = FA5FA9812B580E220035A3C5 /* Assets.xcassets */; };
		FA5FA9852B580E220035A3C5 /* LaunchScreen.storyboard in Resources */ = {isa = PBXBuildFile; fileRef = FA5FA9832B580E220035A3C5 /* LaunchScreen.storyboard */; };
		FA5FA9A02B581CE70035A3C5 /* bulletSound.mp3 in Resources */ = {isa = PBXBuildFile; fileRef = FA5FA99F2B581CE70035A3C5 /* bulletSound.mp3 */; };
		FA5FA9A22B581CE70035A3C5 /* explosion.mp3 in Resources */ = {isa = PBXBuildFile; fileRef = FA5FA9A12B581CE70035A3C5 /* explosion.mp3 */; };
/* End PBXBuildFile section */

/* Begin PBXFileReference section */
		FA3FBB2D2B5B036F0043D1AF /* Mustard Smile.ttf */ = {isa = PBXFileReference; lastKnownFileType = file; name = "Mustard Smile.ttf"; path = "../../../../Downloads/mustard_smile21/Mustard Smile.ttf"; sourceTree = "<group>"; };
		FA3FBB312B5B41150043D1AF /* GameOverScen.swift */ = {isa = PBXFileReference; lastKnownFileType = sourcecode.swift; path = GameOverScen.swift; sourceTree = "<group>"; };
		FA5FA9712B580E1F0035A3C5 /* Solo Mission.app */ = {isa = PBXFileReference; explicitFileType = wrapper.application; includeInIndex = 0; path = "Solo Mission.app"; sourceTree = BUILT_PRODUCTS_DIR; };
		FA5FA9742B580E1F0035A3C5 /* AppDelegate.swift */ = {isa = PBXFileReference; lastKnownFileType = sourcecode.swift; path = AppDelegate.swift; sourceTree = "<group>"; };
		FA5FA9762B580E1F0035A3C5 /* GameScene.sks */ = {isa = PBXFileReference; lastKnownFileType = file.sks; path = GameScene.sks; sourceTree = "<group>"; };
		FA5FA9782B580E1F0035A3C5 /* Actions.sks */ = {isa = PBXFileReference; lastKnownFileType = file.sks; path = Actions.sks; sourceTree = "<group>"; };
		FA5FA97A2B580E1F0035A3C5 /* GameScene.swift */ = {isa = PBXFileReference; lastKnownFileType = sourcecode.swift; path = GameScene.swift; sourceTree = "<group>"; };
		FA5FA97C2B580E1F0035A3C5 /* GameViewController.swift */ = {isa = PBXFileReference; lastKnownFileType = sourcecode.swift; path = GameViewController.swift; sourceTree = "<group>"; };
		FA5FA97F2B580E1F0035A3C5 /* Base */ = {isa = PBXFileReference; lastKnownFileType = file.storyboard; name = Base; path = Base.lproj/Main.storyboard; sourceTree = "<group>"; };
		FA5FA9812B580E220035A3C5 /* Assets.xcassets */ = {isa = PBXFileReference; lastKnownFileType = folder.assetcatalog; path = Assets.xcassets; sourceTree = "<group>"; };
		FA5FA9842B580E220035A3C5 /* Base */ = {isa = PBXFileReference; lastKnownFileType = file.storyboard; name = Base; path = Base.lproj/LaunchScreen.storyboard; sourceTree = "<group>"; };
		FA5FA99F2B581CE70035A3C5 /* bulletSound.mp3 */ = {isa = PBXFileReference; lastKnownFileType = audio.mp3; name = bulletSound.mp3; path = ../../../../Downloads/bulletSound.mp3; sourceTree = "<group>"; };
		FA5FA9A12B581CE70035A3C5 /* explosion.mp3 */ = {isa = PBXFileReference; lastKnownFileType = audio.mp3; name = explosion.mp3; path = ../../../../Downloads/explosion.mp3; sourceTree = "<group>"; };
/* End PBXFileReference section */

/* Begin PBXFrameworksBuildPhase section */
		FA5FA96E2B580E1F0035A3C5 /* Frameworks */ = {
			isa = PBXFrameworksBuildPhase;
			buildActionMask = 2147483647;
			files = (
			);
			runOnlyForDeploymentPostprocessing = 0;
		};
/* End PBXFrameworksBuildPhase section */

/* Begin PBXGroup section */
		FA5FA9682B580E1E0035A3C5 = {
			isa = PBXGroup;
			children = (
				FA5FA9732B580E1F0035A3C5 /* Space Mission */,
				FA5FA9722B580E1F0035A3C5 /* Products */,
			);
			sourceTree = "<group>";
		};
		FA5FA9722B580E1F0035A3C5 /* Products */ = {
			isa = PBXGroup;
			children = (
				FA5FA9712B580E1F0035A3C5 /* Solo Mission.app */,
			);
			name = Products;
			sourceTree = "<group>";
		};
		FA5FA9732B580E1F0035A3C5 /* Space Mission */ = {
			isa = PBXGroup;
			children = (
				FA5FA9742B580E1F0035A3C5 /* AppDelegate.swift */,
				FA5FA9762B580E1F0035A3C5 /* GameScene.sks */,
				FA5FA9782B580E1F0035A3C5 /* Actions.sks */,
				FA3FBB312B5B41150043D1AF /* GameOverScen.swift */,
				FA5FA97A2B580E1F0035A3C5 /* GameScene.swift */,
				FA5FA97C2B580E1F0035A3C5 /* GameViewController.swift */,
				FA3FBB2D2B5B036F0043D1AF /* Mustard Smile.ttf */,
				FA5FA9A12B581CE70035A3C5 /* explosion.mp3 */,
				FA5FA99F2B581CE70035A3C5 /* bulletSound.mp3 */,
				FA5FA97E2B580E1F0035A3C5 /* Main.storyboard */,
				FA5FA9812B580E220035A3C5 /* Assets.xcassets */,
				FA5FA9832B580E220035A3C5 /* LaunchScreen.storyboard */,
			);
			path = "Space Mission";
			sourceTree = "<group>";
		};
/* End PBXGroup section */

/* Begin PBXNativeTarget section */
		FA5FA9702B580E1F0035A3C5 /* Solo Mission */ = {
			isa = PBXNativeTarget;
			buildConfigurationList = FA5FA9882B580E220035A3C5 /* Build configuration list for PBXNativeTarget "Solo Mission" */;
			buildPhases = (
				FA5FA96D2B580E1F0035A3C5 /* Sources */,
				FA5FA96E2B580E1F0035A3C5 /* Frameworks */,
				FA5FA96F2B580E1F0035A3C5 /* Resources */,
			);
			buildRules = (
			);
			dependencies = (
			);
			name = "Solo Mission";
			productName = "Solo Mission";
			productReference = FA5FA9712B580E1F0035A3C5 /* Solo Mission.app */;
			productType = "com.apple.product-type.application";
		};
/* End PBXNativeTarget section */

/* Begin PBXProject section */
		FA5FA9692B580E1E0035A3C5 /* Project object */ = {
			isa = PBXProject;
			attributes = {
				BuildIndependentTargetsInParallel = 1;
				LastSwiftUpdateCheck = 1430;
				LastUpgradeCheck = 1430;
				TargetAttributes = {
					FA5FA9702B580E1F0035A3C5 = {
						CreatedOnToolsVersion = 14.3.1;
					};
				};
			};
			buildConfigurationList = FA5FA96C2B580E1E0035A3C5 /* Build configuration list for PBXProject "Space Mission" */;
			compatibilityVersion = "Xcode 14.0";
			developmentRegion = en;
			hasScannedForEncodings = 0;
			knownRegions = (
				en,
				Base,
			);
			mainGroup = FA5FA9682B580E1E0035A3C5;
			productRefGroup = FA5FA9722B580E1F0035A3C5 /* Products */;
			projectDirPath = "";
			projectRoot = "";
			targets = (
				FA5FA9702B580E1F0035A3C5 /* Solo Mission */,
			);
		};
/* End PBXProject section */

/* Begin PBXResourcesBuildPhase section */
		FA5FA96F2B580E1F0035A3C5 /* Resources */ = {
			isa = PBXResourcesBuildPhase;
			buildActionMask = 2147483647;
			files = (
				FA5FA9802B580E1F0035A3C5 /* Main.storyboard in Resources */,
				FA5FA9772B580E1F0035A3C5 /* GameScene.sks in Resources */,
				FA5FA9822B580E220035A3C5 /* Assets.xcassets in Resources */,
				FA5FA9852B580E220035A3C5 /* LaunchScreen.storyboard in Resources */,
				FA5FA9A22B581CE70035A3C5 /* explosion.mp3 in Resources */,
				FA5FA9A02B581CE70035A3C5 /* bulletSound.mp3 in Resources */,
				FA5FA9792B580E1F0035A3C5 /* Actions.sks in Resources */,
				FA3FBB2E2B5B036F0043D1AF /* Mustard Smile.ttf in Resources */,
			);
			runOnlyForDeploymentPostprocessing = 0;
		};
/* End PBXResourcesBuildPhase section */

/* Begin PBXSourcesBuildPhase section */
		FA5FA96D2B580E1F0035A3C5 /* Sources */ = {
			isa = PBXSourcesBuildPhase;
			buildActionMask = 2147483647;
			files = (
				FA3FBB322B5B41150043D1AF /* GameOverScen.swift in Sources */,
				FA5FA97B2B580E1F0035A3C5 /* GameScene.swift in Sources */,
				FA5FA97D2B580E1F0035A3C5 /* GameViewController.swift in Sources */,
				FA5FA9752B580E1F0035A3C5 /* AppDelegate.swift in Sources */,
			);
			runOnlyForDeploymentPostprocessing = 0;
		};
/* End PBXSourcesBuildPhase section */

/* Begin PBXVariantGroup section */
		FA5FA97E2B580E1F0035A3C5 /* Main.storyboard */ = {
			isa = PBXVariantGroup;
			children = (
				FA5FA97F2B580E1F0035A3C5 /* Base */,
			);
			name = Main.storyboard;
			sourceTree = "<group>";
		};
		FA5FA9832B580E220035A3C5 /* LaunchScreen.storyboard */ = {
			isa = PBXVariantGroup;
			children = (
				FA5FA9842B580E220035A3C5 /* Base */,
			);
			name = LaunchScreen.storyboard;
			sourceTree = "<group>";
		};
/* End PBXVariantGroup section */

/* Begin XCBuildConfiguration section */
		FA5FA9862B580E220035A3C5 /* Debug */ = {
			isa = XCBuildConfiguration;
			buildSettings = {
				ALWAYS_SEARCH_USER_PATHS = NO;
				CLANG_ANALYZER_NONNULL = YES;
				CLANG_ANALYZER_NUMBER_OBJECT_CONVERSION = YES_AGGRESSIVE;
				CLANG_CXX_LANGUAGE_STANDARD = "gnu++20";
				CLANG_ENABLE_MODULES = YES;
				CLANG_ENABLE_OBJC_ARC = YES;
				CLANG_ENABLE_OBJC_WEAK = YES;
				CLANG_WARN_BLOCK_CAPTURE_AUTORELEASING = YES;
				CLANG_WARN_BOOL_CONVERSION = YES;
				CLANG_WARN_COMMA = YES;
				CLANG_WARN_CONSTANT_CONVERSION = YES;
				CLANG_WARN_DEPRECATED_OBJC_IMPLEMENTATIONS = YES;
				CLANG_WARN_DIRECT_OBJC_ISA_USAGE = YES_ERROR;
				CLANG_WARN_DOCUMENTATION_COMMENTS = YES;
				CLANG_WARN_EMPTY_BODY = YES;
				CLANG_WARN_ENUM_CONVERSION = YES;
				CLANG_WARN_INFINITE_RECURSION = YES;
				CLANG_WARN_INT_CONVERSION = YES;
				CLANG_WARN_NON_LITERAL_NULL_CONVERSION = YES;
				CLANG_WARN_OBJC_IMPLICIT_RETAIN_SELF = YES;
				CLANG_WARN_OBJC_LITERAL_CONVERSION = YES;
				CLANG_WARN_OBJC_ROOT_CLASS = YES_ERROR;
				CLANG_WARN_QUOTED_INCLUDE_IN_FRAMEWORK_HEADER = YES;
				CLANG_WARN_RANGE_LOOP_ANALYSIS = YES;
				CLANG_WARN_STRICT_PROTOTYPES = YES;
				CLANG_WARN_SUSPICIOUS_MOVE = YES;
				CLANG_WARN_UNGUARDED_AVAILABILITY = YES_AGGRESSIVE;
				CLANG_WARN_UNREACHABLE_CODE = YES;
				CLANG_WARN__DUPLICATE_METHOD_MATCH = YES;
				COPY_PHASE_STRIP = NO;
				DEBUG_INFORMATION_FORMAT = dwarf;
				ENABLE_STRICT_OBJC_MSGSEND = YES;
				ENABLE_TESTABILITY = YES;
				GCC_C_LANGUAGE_STANDARD = gnu11;
				GCC_DYNAMIC_NO_PIC = NO;
				GCC_NO_COMMON_BLOCKS = YES;
				GCC_OPTIMIZATION_LEVEL = 0;
				GCC_PREPROCESSOR_DEFINITIONS = (
					"DEBUG=1",
					"$(inherited)",
				);
				GCC_WARN_64_TO_32_BIT_CONVERSION = YES;
				GCC_WARN_ABOUT_RETURN_TYPE = YES_ERROR;
				GCC_WARN_UNDECLARED_SELECTOR = YES;
				GCC_WARN_UNINITIALIZED_AUTOS = YES_AGGRESSIVE;
				GCC_WARN_UNUSED_FUNCTION = YES;
				GCC_WARN_UNUSED_VARIABLE = YES;
				IPHONEOS_DEPLOYMENT_TARGET = 16.4;
				MTL_ENABLE_DEBUG_INFO = INCLUDE_SOURCE;
				MTL_FAST_MATH = YES;
				ONLY_ACTIVE_ARCH = YES;
				SDKROOT = iphoneos;
				SWIFT_ACTIVE_COMPILATION_CONDITIONS = DEBUG;
				SWIFT_OPTIMIZATION_LEVEL = "-Onone";
			};
			name = Debug;
		};
		FA5FA9872B580E220035A3C5 /* Release */ = {
			isa = XCBuildConfiguration;
			buildSettings = {
				ALWAYS_SEARCH_USER_PATHS = NO;
				CLANG_ANALYZER_NONNULL = YES;
				CLANG_ANALYZER_NUMBER_OBJECT_CONVERSION = YES_AGGRESSIVE;
				CLANG_CXX_LANGUAGE_STANDARD = "gnu++20";
				CLANG_ENABLE_MODULES = YES;
				CLANG_ENABLE_OBJC_ARC = YES;
				CLANG_ENABLE_OBJC_WEAK = YES;
				CLANG_WARN_BLOCK_CAPTURE_AUTORELEASING = YES;
				CLANG_WARN_BOOL_CONVERSION = YES;
				CLANG_WARN_COMMA = YES;
				CLANG_WARN_CONSTANT_CONVERSION = YES;
				CLANG_WARN_DEPRECATED_OBJC_IMPLEMENTATIONS = YES;
				CLANG_WARN_DIRECT_OBJC_ISA_USAGE = YES_ERROR;
				CLANG_WARN_DOCUMENTATION_COMMENTS = YES;
				CLANG_WARN_EMPTY_BODY = YES;
				CLANG_WARN_ENUM_CONVERSION = YES;
				CLANG_WARN_INFINITE_RECURSION = YES;
				CLANG_WARN_INT_CONVERSION = YES;
				CLANG_WARN_NON_LITERAL_NULL_CONVERSION = YES;
				CLANG_WARN_OBJC_IMPLICIT_RETAIN_SELF = YES;
				CLANG_WARN_OBJC_LITERAL_CONVERSION = YES;
				CLANG_WARN_OBJC_ROOT_CLASS = YES_ERROR;
				CLANG_WARN_QUOTED_INCLUDE_IN_FRAMEWORK_HEADER = YES;
				CLANG_WARN_RANGE_LOOP_ANALYSIS = YES;
				CLANG_WARN_STRICT_PROTOTYPES = YES;
				CLANG_WARN_SUSPICIOUS_MOVE = YES;
				CLANG_WARN_UNGUARDED_AVAILABILITY = YES_AGGRESSIVE;
				CLANG_WARN_UNREACHABLE_CODE = YES;
				CLANG_WARN__DUPLICATE_METHOD_MATCH = YES;
				COPY_PHASE_STRIP = NO;
				DEBUG_INFORMATION_FORMAT = "dwarf-with-dsym";
				ENABLE_NS_ASSERTIONS = NO;
				ENABLE_STRICT_OBJC_MSGSEND = YES;
				GCC_C_LANGUAGE_STANDARD = gnu11;
				GCC_NO_COMMON_BLOCKS = YES;
				GCC_WARN_64_TO_32_BIT_CONVERSION = YES;
				GCC_WARN_ABOUT_RETURN_TYPE = YES_ERROR;
				GCC_WARN_UNDECLARED_SELECTOR = YES;
				GCC_WARN_UNINITIALIZED_AUTOS = YES_AGGRESSIVE;
				GCC_WARN_UNUSED_FUNCTION = YES;
				GCC_WARN_UNUSED_VARIABLE = YES;
				IPHONEOS_DEPLOYMENT_TARGET = 16.4;
				MTL_ENABLE_DEBUG_INFO = NO;
				MTL_FAST_MATH = YES;
				SDKROOT = iphoneos;
				SWIFT_COMPILATION_MODE = wholemodule;
				SWIFT_OPTIMIZATION_LEVEL = "-O";
				VALIDATE_PRODUCT = YES;
			};
			name = Release;
		};
		FA5FA9892B580E220035A3C5 /* Debug */ = {
			isa = XCBuildConfiguration;
			buildSettings = {
				ASSETCATALOG_COMPILER_APPICON_NAME = AppIcon;
				ASSETCATALOG_COMPILER_GLOBAL_ACCENT_COLOR_NAME = AccentColor;
				CODE_SIGN_STYLE = Automatic;
				CURRENT_PROJECT_VERSION = 1;
				GENERATE_INFOPLIST_FILE = YES;
				INFOPLIST_KEY_LSApplicationCategoryType = "public.app-category.games";
				INFOPLIST_KEY_UIApplicationSupportsIndirectInputEvents = YES;
				INFOPLIST_KEY_UILaunchStoryboardName = LaunchScreen;
				INFOPLIST_KEY_UIMainStoryboardFile = Main;
				INFOPLIST_KEY_UIRequiresFullScreen = YES;
				INFOPLIST_KEY_UIStatusBarHidden = YES;
				INFOPLIST_KEY_UISupportedInterfaceOrientations = UIInterfaceOrientationPortrait;
				INFOPLIST_KEY_UISupportedInterfaceOrientations_iPad = "UIInterfaceOrientationLandscapeLeft UIInterfaceOrientationLandscapeRight UIInterfaceOrientationPortrait UIInterfaceOrientationPortraitUpsideDown";
				LD_RUNPATH_SEARCH_PATHS = (
					"$(inherited)",
					"@executable_path/Frameworks",
				);
				MARKETING_VERSION = 1.0;
				PRODUCT_BUNDLE_IDENTIFIER = "skillbox.Solo-Mission";
				PRODUCT_NAME = "$(TARGET_NAME)";
				SWIFT_EMIT_LOC_STRINGS = YES;
				SWIFT_VERSION = 5.0;
				TARGETED_DEVICE_FAMILY = "1,2";
			};
			name = Debug;
		};
		FA5FA98A2B580E220035A3C5 /* Release */ = {
			isa = XCBuildConfiguration;
			buildSettings = {
				ASSETCATALOG_COMPILER_APPICON_NAME = AppIcon;
				ASSETCATALOG_COMPILER_GLOBAL_ACCENT_COLOR_NAME = AccentColor;
				CODE_SIGN_STYLE = Automatic;
				CURRENT_PROJECT_VERSION = 1;
				GENERATE_INFOPLIST_FILE = YES;
				INFOPLIST_KEY_LSApplicationCategoryType = "public.app-category.games";
				INFOPLIST_KEY_UIApplicationSupportsIndirectInputEvents = YES;
				INFOPLIST_KEY_UILaunchStoryboardName = LaunchScreen;
				INFOPLIST_KEY_UIMainStoryboardFile = Main;
				INFOPLIST_KEY_UIRequiresFullScreen = YES;
				INFOPLIST_KEY_UIStatusBarHidden = YES;
				INFOPLIST_KEY_UISupportedInterfaceOrientations = UIInterfaceOrientationPortrait;
				INFOPLIST_KEY_UISupportedInterfaceOrientations_iPad = "UIInterfaceOrientationLandscapeLeft UIInterfaceOrientationLandscapeRight UIInterfaceOrientationPortrait UIInterfaceOrientationPortraitUpsideDown";
				LD_RUNPATH_SEARCH_PATHS = (
					"$(inherited)",
					"@executable_path/Frameworks",
				);
				MARKETING_VERSION = 1.0;
				PRODUCT_BUNDLE_IDENTIFIER = "skillbox.Solo-Mission";
				PRODUCT_NAME = "$(TARGET_NAME)";
				SWIFT_EMIT_LOC_STRINGS = YES;
				SWIFT_VERSION = 5.0;
				TARGETED_DEVICE_FAMILY = "1,2";
			};
			name = Release;
		};
/* End XCBuildConfiguration section */

/* Begin XCConfigurationList section */
		FA5FA96C2B580E1E0035A3C5 /* Build configuration list for PBXProject "Space Mission" */ = {
			isa = XCConfigurationList;
			buildConfigurations = (
				FA5FA9862B580E220035A3C5 /* Debug */,
				FA5FA9872B580E220035A3C5 /* Release */,
			);
			defaultConfigurationIsVisible = 0;
			defaultConfigurationName = Release;
		};
		FA5FA9882B580E220035A3C5 /* Build configuration list for PBXNativeTarget "Solo Mission" */ = {
			isa = XCConfigurationList;
			buildConfigurations = (
				FA5FA9892B580E220035A3C5 /* Debug */,
				FA5FA98A2B580E220035A3C5 /* Release */,
			);
			defaultConfigurationIsVisible = 0;
			defaultConfigurationName = Release;
		};
/* End XCConfigurationList section */
	};
	rootObject = FA5FA9692B580E1E0035A3C5 /* Project object */;
}
